
Microsoft Visual Studio Solution File, Format Version 12.00
# Visual Studio 15
VisualStudioVersion = 15.0.26730.12
MinimumVisualStudioVersion = 10.0.40219.1
Project("{FAE04EC0-301F-11D3-BF4B-00C04F79EFBC}") = "02exFibonacci", "02exFibonacci\02exFibonacci.csproj", "{CF206DDA-53A7-4FFA-8D06-34926DD205DE}"
EndProject
Global
	GlobalSection(SolutionConfigurationPlatforms) = preSolution
		Debug|Any CPU = Debug|Any CPU
		Release|Any CPU = Release|Any CPU
	EndGlobalSection
	GlobalSection(ProjectConfigurationPlatforms) = postSolution
		{CF206DDA-53A7-4FFA-8D06-34926DD205DE}.Debug|Any CPU.ActiveCfg = Debug|Any CPU
		{CF206DDA-53A7-4FFA-8D06-34926DD205DE}.Debug|Any CPU.Build.0 = Debug|Any CPU
		{CF206DDA-53A7-4FFA-8D06-34926DD205DE}.Release|Any CPU.ActiveCfg = Release|Any CPU
		{CF206DDA-53A7-4FFA-8D06-34926DD205DE}.Release|Any CPU.Build.0 = Release|Any CPU
	EndGlobalSection
	GlobalSection(SolutionProperties) = preSolution
		HideSolutionNode = FALSE
	EndGlobalSection
	GlobalSection(ExtensibilityGlobals) = postSolution
		SolutionGuid = {9EC99D88-29EA-4707-AD1C-BEDF636E0C8C}
	EndGlobalSection
EndGlobal
